
Microsoft Visual Studio Solution File, Format Version 12.00
# Visual Studio Version 16
VisualStudioVersion = 16.0.31321.278
MinimumVisualStudioVersion = 10.0.40219.1
Project("{FAE04EC0-301F-11D3-BF4B-00C04F79EFBC}") = "MDISample", "MDISample\MDISample.csproj", "{4F254721-9E4A-4C7A-82A0-DAD580AD3B93}"
EndProject
Global
	GlobalSection(SolutionConfigurationPlatforms) = preSolution
		Debug|Any CPU = Debug|Any CPU
		Release|Any CPU = Release|Any CPU
	EndGlobalSection
	GlobalSection(ProjectConfigurationPlatforms) = postSolution
		{4F254721-9E4A-4C7A-82A0-DAD580AD3B93}.Debug|Any CPU.ActiveCfg = Debug|Any CPU
		{4F254721-9E4A-4C7A-82A0-DAD580AD3B93}.Debug|Any CPU.Build.0 = Debug|Any CPU
		{4F254721-9E4A-4C7A-82A0-DAD580AD3B93}.Release|Any CPU.ActiveCfg = Release|Any CPU
		{4F254721-9E4A-4C7A-82A0-DAD580AD3B93}.Release|Any CPU.Build.0 = Release|Any CPU
	EndGlobalSection
	GlobalSection(SolutionProperties) = preSolution
		HideSolutionNode = FALSE
	EndGlobalSection
	GlobalSection(ExtensibilityGlobals) = postSolution
		SolutionGuid = {A8799424-D5EF-4A13-BCFE-6370F565C3AD}
	EndGlobalSection
EndGlobal
