
Microsoft Visual Studio Solution File, Format Version 12.00
# Visual Studio Version 16
VisualStudioVersion = 16.0.31402.337
MinimumVisualStudioVersion = 10.0.40219.1
Project("{FAE04EC0-301F-11D3-BF4B-00C04F79EFBC}") = "MemberShipForm", "MemberShipForm\MemberShipForm.csproj", "{11B5AB06-D871-498C-BF02-5CECFBD1F21C}"
EndProject
Global
	GlobalSection(SolutionConfigurationPlatforms) = preSolution
		Debug|Any CPU = Debug|Any CPU
		Release|Any CPU = Release|Any CPU
	EndGlobalSection
	GlobalSection(ProjectConfigurationPlatforms) = postSolution
		{11B5AB06-D871-498C-BF02-5CECFBD1F21C}.Debug|Any CPU.ActiveCfg = Debug|Any CPU
		{11B5AB06-D871-498C-BF02-5CECFBD1F21C}.Debug|Any CPU.Build.0 = Debug|Any CPU
		{11B5AB06-D871-498C-BF02-5CECFBD1F21C}.Release|Any CPU.ActiveCfg = Release|Any CPU
		{11B5AB06-D871-498C-BF02-5CECFBD1F21C}.Release|Any CPU.Build.0 = Release|Any CPU
	EndGlobalSection
	GlobalSection(SolutionProperties) = preSolution
		HideSolutionNode = FALSE
	EndGlobalSection
	GlobalSection(ExtensibilityGlobals) = postSolution
		SolutionGuid = {BBEB1B4C-572C-43E5-9FD1-FA56B4AB9A1B}
	EndGlobalSection
EndGlobal
