
Microsoft Visual Studio Solution File, Format Version 12.00
# Visual Studio Version 16
VisualStudioVersion = 16.0.31402.337
MinimumVisualStudioVersion = 10.0.40219.1
Project("{FAE04EC0-301F-11D3-BF4B-00C04F79EFBC}") = "MDISample_2", "MDISample_2\MDISample_2.csproj", "{41E97288-FB44-4C29-99AE-FB068EAD4DF3}"
EndProject
Global
	GlobalSection(SolutionConfigurationPlatforms) = preSolution
		Debug|Any CPU = Debug|Any CPU
		Release|Any CPU = Release|Any CPU
	EndGlobalSection
	GlobalSection(ProjectConfigurationPlatforms) = postSolution
		{41E97288-FB44-4C29-99AE-FB068EAD4DF3}.Debug|Any CPU.ActiveCfg = Debug|Any CPU
		{41E97288-FB44-4C29-99AE-FB068EAD4DF3}.Debug|Any CPU.Build.0 = Debug|Any CPU
		{41E97288-FB44-4C29-99AE-FB068EAD4DF3}.Release|Any CPU.ActiveCfg = Release|Any CPU
		{41E97288-FB44-4C29-99AE-FB068EAD4DF3}.Release|Any CPU.Build.0 = Release|Any CPU
	EndGlobalSection
	GlobalSection(SolutionProperties) = preSolution
		HideSolutionNode = FALSE
	EndGlobalSection
	GlobalSection(ExtensibilityGlobals) = postSolution
		SolutionGuid = {A9B887C1-003B-43D1-9D4F-D0C8C7C4DCEC}
	EndGlobalSection
EndGlobal
